// !$*UTF8*$!
{
	archiveVersion = 1;
	classes = {
	};
	objectVersion = 55;
	objects = {

/* Begin PBXBuildFile section */
		C31192AA2933E70C00190F4B /* FeedViewController.swift in Sources */ = {isa = PBXBuildFile; fileRef = C31192A92933E70C00190F4B /* FeedViewController.swift */; };
		C31192AC2933E72200190F4B /* UploadViewController.swift in Sources */ = {isa = PBXBuildFile; fileRef = C31192AB2933E72200190F4B /* UploadViewController.swift */; };
		C31192AE2933E73100190F4B /* SettingsViewController.swift in Sources */ = {isa = PBXBuildFile; fileRef = C31192AD2933E73100190F4B /* SettingsViewController.swift */; };
		C39D57A5293532F100FC619C /* SelectImage.png in Resources */ = {isa = PBXBuildFile; fileRef = C39D57A4293532F100FC619C /* SelectImage.png */; };
		C39D57A72938DA5C00FC619C /* FeedCell.swift in Sources */ = {isa = PBXBuildFile; fileRef = C39D57A62938DA5C00FC619C /* FeedCell.swift */; };
		C39D57AA2938F49800FC619C /* SDWebImage in Frameworks */ = {isa = PBXBuildFile; productRef = C39D57A92938F49800FC619C /* SDWebImage */; };
		C39D57AC2938F49800FC619C /* SDWebImageMapKit in Frameworks */ = {isa = PBXBuildFile; productRef = C39D57AB2938F49800FC619C /* SDWebImageMapKit */; };
		C3BC71A5292F672C003F1E05 /* AppDelegate.swift in Sources */ = {isa = PBXBuildFile; fileRef = C3BC71A4292F672C003F1E05 /* AppDelegate.swift */; };
		C3BC71A7292F672C003F1E05 /* SceneDelegate.swift in Sources */ = {isa = PBXBuildFile; fileRef = C3BC71A6292F672C003F1E05 /* SceneDelegate.swift */; };
		C3BC71A9292F672C003F1E05 /* ViewController.swift in Sources */ = {isa = PBXBuildFile; fileRef = C3BC71A8292F672C003F1E05 /* ViewController.swift */; };
		C3BC71AC292F672C003F1E05 /* Main.storyboard in Resources */ = {isa = PBXBuildFile; fileRef = C3BC71AA292F672C003F1E05 /* Main.storyboard */; };
		C3BC71AE292F6730003F1E05 /* Assets.xcassets in Resources */ = {isa = PBXBuildFile; fileRef = C3BC71AD292F6730003F1E05 /* Assets.xcassets */; };
		C3BC71B1292F6730003F1E05 /* LaunchScreen.storyboard in Resources */ = {isa = PBXBuildFile; fileRef = C3BC71AF292F6730003F1E05 /* LaunchScreen.storyboard */; };
		C3BC71B9292F67C6003F1E05 /* GoogleService-Info.plist in Resources */ = {isa = PBXBuildFile; fileRef = C3BC71B8292F67C6003F1E05 /* GoogleService-Info.plist */; };
		C3BC71BC292F6995003F1E05 /* FirebaseAnalytics in Frameworks */ = {isa = PBXBuildFile; productRef = C3BC71BB292F6995003F1E05 /* FirebaseAnalytics */; };
		C3BC71BE292F6995003F1E05 /* FirebaseAnalyticsOnDeviceConversion in Frameworks */ = {isa = PBXBuildFile; productRef = C3BC71BD292F6995003F1E05 /* FirebaseAnalyticsOnDeviceConversion */; };
		C3BC71C0292F6995003F1E05 /* FirebaseAnalyticsSwift in Frameworks */ = {isa = PBXBuildFile; productRef = C3BC71BF292F6995003F1E05 /* FirebaseAnalyticsSwift */; };
		C3BC71C2292F6995003F1E05 /* FirebaseAnalyticsWithoutAdIdSupport in Frameworks */ = {isa = PBXBuildFile; productRef = C3BC71C1292F6995003F1E05 /* FirebaseAnalyticsWithoutAdIdSupport */; };
		C3BC71C4292F6995003F1E05 /* FirebaseAppCheck in Frameworks */ = {isa = PBXBuildFile; productRef = C3BC71C3292F6995003F1E05 /* FirebaseAppCheck */; };
		C3BC71C6292F6995003F1E05 /* FirebaseAppDistribution-Beta in Frameworks */ = {isa = PBXBuildFile; productRef = C3BC71C5292F6995003F1E05 /* FirebaseAppDistribution-Beta */; };
		C3BC71C8292F6995003F1E05 /* FirebaseAuth in Frameworks */ = {isa = PBXBuildFile; productRef = C3BC71C7292F6995003F1E05 /* FirebaseAuth */; };
		C3BC71CA292F6995003F1E05 /* FirebaseAuthCombine-Community in Frameworks */ = {isa = PBXBuildFile; productRef = C3BC71C9292F6995003F1E05 /* FirebaseAuthCombine-Community */; };
		C3BC71CC292F6995003F1E05 /* FirebaseCrashlytics in Frameworks */ = {isa = PBXBuildFile; productRef = C3BC71CB292F6995003F1E05 /* FirebaseCrashlytics */; };
		C3BC71CE292F6995003F1E05 /* FirebaseDatabase in Frameworks */ = {isa = PBXBuildFile; productRef = C3BC71CD292F6995003F1E05 /* FirebaseDatabase */; };
		C3BC71D0292F6995003F1E05 /* FirebaseDatabaseSwift in Frameworks */ = {isa = PBXBuildFile; productRef = C3BC71CF292F6995003F1E05 /* FirebaseDatabaseSwift */; };
		C3BC71D2292F6995003F1E05 /* FirebaseDynamicLinks in Frameworks */ = {isa = PBXBuildFile; productRef = C3BC71D1292F6995003F1E05 /* FirebaseDynamicLinks */; };
		C3BC71D4292F6995003F1E05 /* FirebaseFirestore in Frameworks */ = {isa = PBXBuildFile; productRef = C3BC71D3292F6995003F1E05 /* FirebaseFirestore */; };
		C3BC71D6292F6995003F1E05 /* FirebaseFirestoreCombine-Community in Frameworks */ = {isa = PBXBuildFile; productRef = C3BC71D5292F6995003F1E05 /* FirebaseFirestoreCombine-Community */; };
		C3BC71D8292F6995003F1E05 /* FirebaseFirestoreSwift in Frameworks */ = {isa = PBXBuildFile; productRef = C3BC71D7292F6995003F1E05 /* FirebaseFirestoreSwift */; };
		C3BC71DA292F6995003F1E05 /* FirebaseInstallations in Frameworks */ = {isa = PBXBuildFile; productRef = C3BC71D9292F6995003F1E05 /* FirebaseInstallations */; };
		C3BC71DC292F6995003F1E05 /* FirebaseMLModelDownloader in Frameworks */ = {isa = PBXBuildFile; productRef = C3BC71DB292F6995003F1E05 /* FirebaseMLModelDownloader */; };
		C3BC71DE292F6995003F1E05 /* FirebaseMessaging in Frameworks */ = {isa = PBXBuildFile; productRef = C3BC71DD292F6995003F1E05 /* FirebaseMessaging */; };
		C3BC71E0292F6995003F1E05 /* FirebasePerformance in Frameworks */ = {isa = PBXBuildFile; productRef = C3BC71DF292F6995003F1E05 /* FirebasePerformance */; };
		C3BC71E2292F6995003F1E05 /* FirebaseRemoteConfig in Frameworks */ = {isa = PBXBuildFile; productRef = C3BC71E1292F6995003F1E05 /* FirebaseRemoteConfig */; };
		C3BC71E4292F6995003F1E05 /* FirebaseRemoteConfigSwift in Frameworks */ = {isa = PBXBuildFile; productRef = C3BC71E3292F6995003F1E05 /* FirebaseRemoteConfigSwift */; };
		C3BC71E6292F6995003F1E05 /* FirebaseStorage in Frameworks */ = {isa = PBXBuildFile; productRef = C3BC71E5292F6995003F1E05 /* FirebaseStorage */; };
		C3BC71E8292F6995003F1E05 /* FirebaseStorageCombine-Community in Frameworks */ = {isa = PBXBuildFile; productRef = C3BC71E7292F6995003F1E05 /* FirebaseStorageCombine-Community */; };
/* End PBXBuildFile section */

/* Begin PBXFileReference section */
		C31192A92933E70C00190F4B /* FeedViewController.swift */ = {isa = PBXFileReference; lastKnownFileType = sourcecode.swift; path = FeedViewController.swift; sourceTree = "<group>"; };
		C31192AB2933E72200190F4B /* UploadViewController.swift */ = {isa = PBXFileReference; lastKnownFileType = sourcecode.swift; path = UploadViewController.swift; sourceTree = "<group>"; };
		C31192AD2933E73100190F4B /* SettingsViewController.swift */ = {isa = PBXFileReference; lastKnownFileType = sourcecode.swift; path = SettingsViewController.swift; sourceTree = "<group>"; };
		C39D57A4293532F100FC619C /* SelectImage.png */ = {isa = PBXFileReference; lastKnownFileType = image.png; name = SelectImage.png; path = ../../SelectImage.png; sourceTree = "<group>"; };
		C39D57A62938DA5C00FC619C /* FeedCell.swift */ = {isa = PBXFileReference; lastKnownFileType = sourcecode.swift; path = FeedCell.swift; sourceTree = "<group>"; };
		C3BC71A1292F672C003F1E05 /* InstaCloneFirebase.app */ = {isa = PBXFileReference; explicitFileType = wrapper.application; includeInIndex = 0; path = InstaCloneFirebase.app; sourceTree = BUILT_PRODUCTS_DIR; };
		C3BC71A4292F672C003F1E05 /* AppDelegate.swift */ = {isa = PBXFileReference; lastKnownFileType = sourcecode.swift; path = AppDelegate.swift; sourceTree = "<group>"; };
		C3BC71A6292F672C003F1E05 /* SceneDelegate.swift */ = {isa = PBXFileReference; lastKnownFileType = sourcecode.swift; path = SceneDelegate.swift; sourceTree = "<group>"; };
		C3BC71A8292F672C003F1E05 /* ViewController.swift */ = {isa = PBXFileReference; lastKnownFileType = sourcecode.swift; path = ViewController.swift; sourceTree = "<group>"; };
		C3BC71AB292F672C003F1E05 /* Base */ = {isa = PBXFileReference; lastKnownFileType = file.storyboard; name = Base; path = Base.lproj/Main.storyboard; sourceTree = "<group>"; };
		C3BC71AD292F6730003F1E05 /* Assets.xcassets */ = {isa = PBXFileReference; lastKnownFileType = folder.assetcatalog; path = Assets.xcassets; sourceTree = "<group>"; };
		C3BC71B0292F6730003F1E05 /* Base */ = {isa = PBXFileReference; lastKnownFileType = file.storyboard; name = Base; path = Base.lproj/LaunchScreen.storyboard; sourceTree = "<group>"; };
		C3BC71B2292F6730003F1E05 /* Info.plist */ = {isa = PBXFileReference; lastKnownFileType = text.plist.xml; path = Info.plist; sourceTree = "<group>"; };
		C3BC71B8292F67C6003F1E05 /* GoogleService-Info.plist */ = {isa = PBXFileReference; fileEncoding = 4; lastKnownFileType = text.plist.xml; name = "GoogleService-Info.plist"; path = "../../../Downloads/GoogleService-Info.plist"; sourceTree = "<group>"; };
/* End PBXFileReference section */

/* Begin PBXFrameworksBuildPhase section */
		C3BC719E292F672C003F1E05 /* Frameworks */ = {
			isa = PBXFrameworksBuildPhase;
			buildActionMask = 2147483647;
			files = (
				C3BC71DE292F6995003F1E05 /* FirebaseMessaging in Frameworks */,
				C3BC71DC292F6995003F1E05 /* FirebaseMLModelDownloader in Frameworks */,
				C3BC71CE292F6995003F1E05 /* FirebaseDatabase in Frameworks */,
				C3BC71E8292F6995003F1E05 /* FirebaseStorageCombine-Community in Frameworks */,
				C3BC71E4292F6995003F1E05 /* FirebaseRemoteConfigSwift in Frameworks */,
				C3BC71D4292F6995003F1E05 /* FirebaseFirestore in Frameworks */,
				C3BC71C0292F6995003F1E05 /* FirebaseAnalyticsSwift in Frameworks */,
				C3BC71BC292F6995003F1E05 /* FirebaseAnalytics in Frameworks */,
				C3BC71BE292F6995003F1E05 /* FirebaseAnalyticsOnDeviceConversion in Frameworks */,
				C3BC71D8292F6995003F1E05 /* FirebaseFirestoreSwift in Frameworks */,
				C3BC71C4292F6995003F1E05 /* FirebaseAppCheck in Frameworks */,
				C3BC71C2292F6995003F1E05 /* FirebaseAnalyticsWithoutAdIdSupport in Frameworks */,
				C3BC71C8292F6995003F1E05 /* FirebaseAuth in Frameworks */,
				C3BC71CC292F6995003F1E05 /* FirebaseCrashlytics in Frameworks */,
				C3BC71D0292F6995003F1E05 /* FirebaseDatabaseSwift in Frameworks */,
				C3BC71DA292F6995003F1E05 /* FirebaseInstallations in Frameworks */,
				C3BC71E0292F6995003F1E05 /* FirebasePerformance in Frameworks */,
				C3BC71C6292F6995003F1E05 /* FirebaseAppDistribution-Beta in Frameworks */,
				C39D57AA2938F49800FC619C /* SDWebImage in Frameworks */,
				C3BC71CA292F6995003F1E05 /* FirebaseAuthCombine-Community in Frameworks */,
				C3BC71D2292F6995003F1E05 /* FirebaseDynamicLinks in Frameworks */,
				C39D57AC2938F49800FC619C /* SDWebImageMapKit in Frameworks */,
				C3BC71E6292F6995003F1E05 /* FirebaseStorage in Frameworks */,
				C3BC71D6292F6995003F1E05 /* FirebaseFirestoreCombine-Community in Frameworks */,
				C3BC71E2292F6995003F1E05 /* FirebaseRemoteConfig in Frameworks */,
			);
			runOnlyForDeploymentPostprocessing = 0;
		};
/* End PBXFrameworksBuildPhase section */

/* Begin PBXGroup section */
		C3BC7198292F672C003F1E05 = {
			isa = PBXGroup;
			children = (
				C3BC71A3292F672C003F1E05 /* InstaCloneFirebase */,
				C3BC71A2292F672C003F1E05 /* Products */,
			);
			sourceTree = "<group>";
		};
		C3BC71A2292F672C003F1E05 /* Products */ = {
			isa = PBXGroup;
			children = (
				C3BC71A1292F672C003F1E05 /* InstaCloneFirebase.app */,
			);
			name = Products;
			sourceTree = "<group>";
		};
		C3BC71A3292F672C003F1E05 /* InstaCloneFirebase */ = {
			isa = PBXGroup;
			children = (
				C39D57A4293532F100FC619C /* SelectImage.png */,
				C3BC71A4292F672C003F1E05 /* AppDelegate.swift */,
				C3BC71A6292F672C003F1E05 /* SceneDelegate.swift */,
				C3BC71A8292F672C003F1E05 /* ViewController.swift */,
				C31192A92933E70C00190F4B /* FeedViewController.swift */,
				C31192AB2933E72200190F4B /* UploadViewController.swift */,
				C31192AD2933E73100190F4B /* SettingsViewController.swift */,
				C39D57A62938DA5C00FC619C /* FeedCell.swift */,
				C3BC71AA292F672C003F1E05 /* Main.storyboard */,
				C3BC71AD292F6730003F1E05 /* Assets.xcassets */,
				C3BC71AF292F6730003F1E05 /* LaunchScreen.storyboard */,
				C3BC71B2292F6730003F1E05 /* Info.plist */,
				C3BC71B8292F67C6003F1E05 /* GoogleService-Info.plist */,
			);
			path = InstaCloneFirebase;
			sourceTree = "<group>";
		};
/* End PBXGroup section */

/* Begin PBXNativeTarget section */
		C3BC71A0292F672C003F1E05 /* InstaCloneFirebase */ = {
			isa = PBXNativeTarget;
			buildConfigurationList = C3BC71B5292F6730003F1E05 /* Build configuration list for PBXNativeTarget "InstaCloneFirebase" */;
			buildPhases = (
				C3BC719D292F672C003F1E05 /* Sources */,
				C3BC719E292F672C003F1E05 /* Frameworks */,
				C3BC719F292F672C003F1E05 /* Resources */,
			);
			buildRules = (
			);
			dependencies = (
			);
			name = InstaCloneFirebase;
			packageProductDependencies = (
				C3BC71BB292F6995003F1E05 /* FirebaseAnalytics */,
				C3BC71BD292F6995003F1E05 /* FirebaseAnalyticsOnDeviceConversion */,
				C3BC71BF292F6995003F1E05 /* FirebaseAnalyticsSwift */,
				C3BC71C1292F6995003F1E05 /* FirebaseAnalyticsWithoutAdIdSupport */,
				C3BC71C3292F6995003F1E05 /* FirebaseAppCheck */,
				C3BC71C5292F6995003F1E05 /* FirebaseAppDistribution-Beta */,
				C3BC71C7292F6995003F1E05 /* FirebaseAuth */,
				C3BC71C9292F6995003F1E05 /* FirebaseAuthCombine-Community */,
				C3BC71CB292F6995003F1E05 /* FirebaseCrashlytics */,
				C3BC71CD292F6995003F1E05 /* FirebaseDatabase */,
				C3BC71CF292F6995003F1E05 /* FirebaseDatabaseSwift */,
				C3BC71D1292F6995003F1E05 /* FirebaseDynamicLinks */,
				C3BC71D3292F6995003F1E05 /* FirebaseFirestore */,
				C3BC71D5292F6995003F1E05 /* FirebaseFirestoreCombine-Community */,
				C3BC71D7292F6995003F1E05 /* FirebaseFirestoreSwift */,
				C3BC71D9292F6995003F1E05 /* FirebaseInstallations */,
				C3BC71DB292F6995003F1E05 /* FirebaseMLModelDownloader */,
				C3BC71DD292F6995003F1E05 /* FirebaseMessaging */,
				C3BC71DF292F6995003F1E05 /* FirebasePerformance */,
				C3BC71E1292F6995003F1E05 /* FirebaseRemoteConfig */,
				C3BC71E3292F6995003F1E05 /* FirebaseRemoteConfigSwift */,
				C3BC71E5292F6995003F1E05 /* FirebaseStorage */,
				C3BC71E7292F6995003F1E05 /* FirebaseStorageCombine-Community */,
				C39D57A92938F49800FC619C /* SDWebImage */,
				C39D57AB2938F49800FC619C /* SDWebImageMapKit */,
			);
			productName = InstaCloneFirebase;
			productReference = C3BC71A1292F672C003F1E05 /* InstaCloneFirebase.app */;
			productType = "com.apple.product-type.application";
		};
/* End PBXNativeTarget section */

/* Begin PBXProject section */
		C3BC7199292F672C003F1E05 /* Project object */ = {
			isa = PBXProject;
			attributes = {
				BuildIndependentTargetsInParallel = 1;
				LastSwiftUpdateCheck = 1340;
				LastUpgradeCheck = 1340;
				TargetAttributes = {
					C3BC71A0292F672C003F1E05 = {
						CreatedOnToolsVersion = 13.4.1;
					};
				};
			};
			buildConfigurationList = C3BC719C292F672C003F1E05 /* Build configuration list for PBXProject "InstaCloneFirebase" */;
			compatibilityVersion = "Xcode 13.0";
			developmentRegion = en;
			hasScannedForEncodings = 0;
			knownRegions = (
				en,
				Base,
			);
			mainGroup = C3BC7198292F672C003F1E05;
			packageReferences = (
				C3BC71BA292F6995003F1E05 /* XCRemoteSwiftPackageReference "firebase-ios-sdk" */,
				C39D57A82938F49800FC619C /* XCRemoteSwiftPackageReference "SDWebImage" */,
			);
			productRefGroup = C3BC71A2292F672C003F1E05 /* Products */;
			projectDirPath = "";
			projectRoot = "";
			targets = (
				C3BC71A0292F672C003F1E05 /* InstaCloneFirebase */,
			);
		};
/* End PBXProject section */

/* Begin PBXResourcesBuildPhase section */
		C3BC719F292F672C003F1E05 /* Resources */ = {
			isa = PBXResourcesBuildPhase;
			buildActionMask = 2147483647;
			files = (
				C3BC71B1292F6730003F1E05 /* LaunchScreen.storyboard in Resources */,
				C3BC71B9292F67C6003F1E05 /* GoogleService-Info.plist in Resources */,
				C39D57A5293532F100FC619C /* SelectImage.png in Resources */,
				C3BC71AE292F6730003F1E05 /* Assets.xcassets in Resources */,
				C3BC71AC292F672C003F1E05 /* Main.storyboard in Resources */,
			);
			runOnlyForDeploymentPostprocessing = 0;
		};
/* End PBXResourcesBuildPhase section */

/* Begin PBXSourcesBuildPhase section */
		C3BC719D292F672C003F1E05 /* Sources */ = {
			isa = PBXSourcesBuildPhase;
			buildActionMask = 2147483647;
			files = (
				C39D57A72938DA5C00FC619C /* FeedCell.swift in Sources */,
				C3BC71A9292F672C003F1E05 /* ViewController.swift in Sources */,
				C31192AC2933E72200190F4B /* UploadViewController.swift in Sources */,
				C3BC71A5292F672C003F1E05 /* AppDelegate.swift in Sources */,
				C31192AA2933E70C00190F4B /* FeedViewController.swift in Sources */,
				C3BC71A7292F672C003F1E05 /* SceneDelegate.swift in Sources */,
				C31192AE2933E73100190F4B /* SettingsViewController.swift in Sources */,
			);
			runOnlyForDeploymentPostprocessing = 0;
		};
/* End PBXSourcesBuildPhase section */

/* Begin PBXVariantGroup section */
		C3BC71AA292F672C003F1E05 /* Main.storyboard */ = {
			isa = PBXVariantGroup;
			children = (
				C3BC71AB292F672C003F1E05 /* Base */,
			);
			name = Main.storyboard;
			sourceTree = "<group>";
		};
		C3BC71AF292F6730003F1E05 /* LaunchScreen.storyboard */ = {
			isa = PBXVariantGroup;
			children = (
				C3BC71B0292F6730003F1E05 /* Base */,
			);
			name = LaunchScreen.storyboard;
			sourceTree = "<group>";
		};
/* End PBXVariantGroup section */

/* Begin XCBuildConfiguration section */
		C3BC71B3292F6730003F1E05 /* Debug */ = {
			isa = XCBuildConfiguration;
			buildSettings = {
				ALWAYS_SEARCH_USER_PATHS = NO;
				CLANG_ANALYZER_NONNULL = YES;
				CLANG_ANALYZER_NUMBER_OBJECT_CONVERSION = YES_AGGRESSIVE;
				CLANG_CXX_LANGUAGE_STANDARD = "gnu++17";
				CLANG_ENABLE_MODULES = YES;
				CLANG_ENABLE_OBJC_ARC = YES;
				CLANG_ENABLE_OBJC_WEAK = YES;
				CLANG_WARN_BLOCK_CAPTURE_AUTORELEASING = YES;
				CLANG_WARN_BOOL_CONVERSION = YES;
				CLANG_WARN_COMMA = YES;
				CLANG_WARN_CONSTANT_CONVERSION = YES;
				CLANG_WARN_DEPRECATED_OBJC_IMPLEMENTATIONS = YES;
				CLANG_WARN_DIRECT_OBJC_ISA_USAGE = YES_ERROR;
				CLANG_WARN_DOCUMENTATION_COMMENTS = YES;
				CLANG_WARN_EMPTY_BODY = YES;
				CLANG_WARN_ENUM_CONVERSION = YES;
				CLANG_WARN_INFINITE_RECURSION = YES;
				CLANG_WARN_INT_CONVERSION = YES;
				CLANG_WARN_NON_LITERAL_NULL_CONVERSION = YES;
				CLANG_WARN_OBJC_IMPLICIT_RETAIN_SELF = YES;
				CLANG_WARN_OBJC_LITERAL_CONVERSION = YES;
				CLANG_WARN_OBJC_ROOT_CLASS = YES_ERROR;
				CLANG_WARN_QUOTED_INCLUDE_IN_FRAMEWORK_HEADER = YES;
				CLANG_WARN_RANGE_LOOP_ANALYSIS = YES;
				CLANG_WARN_STRICT_PROTOTYPES = YES;
				CLANG_WARN_SUSPICIOUS_MOVE = YES;
				CLANG_WARN_UNGUARDED_AVAILABILITY = YES_AGGRESSIVE;
				CLANG_WARN_UNREACHABLE_CODE = YES;
				CLANG_WARN__DUPLICATE_METHOD_MATCH = YES;
				COPY_PHASE_STRIP = NO;
				DEBUG_INFORMATION_FORMAT = dwarf;
				ENABLE_STRICT_OBJC_MSGSEND = YES;
				ENABLE_TESTABILITY = YES;
				GCC_C_LANGUAGE_STANDARD = gnu11;
				GCC_DYNAMIC_NO_PIC = NO;
				GCC_NO_COMMON_BLOCKS = YES;
				GCC_OPTIMIZATION_LEVEL = 0;
				GCC_PREPROCESSOR_DEFINITIONS = (
					"DEBUG=1",
					"$(inherited)",
				);
				GCC_WARN_64_TO_32_BIT_CONVERSION = YES;
				GCC_WARN_ABOUT_RETURN_TYPE = YES_ERROR;
				GCC_WARN_UNDECLARED_SELECTOR = YES;
				GCC_WARN_UNINITIALIZED_AUTOS = YES_AGGRESSIVE;
				GCC_WARN_UNUSED_FUNCTION = YES;
				GCC_WARN_UNUSED_VARIABLE = YES;
				IPHONEOS_DEPLOYMENT_TARGET = 15.5;
				MTL_ENABLE_DEBUG_INFO = INCLUDE_SOURCE;
				MTL_FAST_MATH = YES;
				ONLY_ACTIVE_ARCH = YES;
				SDKROOT = iphoneos;
				SWIFT_ACTIVE_COMPILATION_CONDITIONS = DEBUG;
				SWIFT_OPTIMIZATION_LEVEL = "-Onone";
			};
			name = Debug;
		};
		C3BC71B4292F6730003F1E05 /* Release */ = {
			isa = XCBuildConfiguration;
			buildSettings = {
				ALWAYS_SEARCH_USER_PATHS = NO;
				CLANG_ANALYZER_NONNULL = YES;
				CLANG_ANALYZER_NUMBER_OBJECT_CONVERSION = YES_AGGRESSIVE;
				CLANG_CXX_LANGUAGE_STANDARD = "gnu++17";
				CLANG_ENABLE_MODULES = YES;
				CLANG_ENABLE_OBJC_ARC = YES;
				CLANG_ENABLE_OBJC_WEAK = YES;
				CLANG_WARN_BLOCK_CAPTURE_AUTORELEASING = YES;
				CLANG_WARN_BOOL_CONVERSION = YES;
				CLANG_WARN_COMMA = YES;
				CLANG_WARN_CONSTANT_CONVERSION = YES;
				CLANG_WARN_DEPRECATED_OBJC_IMPLEMENTATIONS = YES;
				CLANG_WARN_DIRECT_OBJC_ISA_USAGE = YES_ERROR;
				CLANG_WARN_DOCUMENTATION_COMMENTS = YES;
				CLANG_WARN_EMPTY_BODY = YES;
				CLANG_WARN_ENUM_CONVERSION = YES;
				CLANG_WARN_INFINITE_RECURSION = YES;
				CLANG_WARN_INT_CONVERSION = YES;
				CLANG_WARN_NON_LITERAL_NULL_CONVERSION = YES;
				CLANG_WARN_OBJC_IMPLICIT_RETAIN_SELF = YES;
				CLANG_WARN_OBJC_LITERAL_CONVERSION = YES;
				CLANG_WARN_OBJC_ROOT_CLASS = YES_ERROR;
				CLANG_WARN_QUOTED_INCLUDE_IN_FRAMEWORK_HEADER = YES;
				CLANG_WARN_RANGE_LOOP_ANALYSIS = YES;
				CLANG_WARN_STRICT_PROTOTYPES = YES;
				CLANG_WARN_SUSPICIOUS_MOVE = YES;
				CLANG_WARN_UNGUARDED_AVAILABILITY = YES_AGGRESSIVE;
				CLANG_WARN_UNREACHABLE_CODE = YES;
				CLANG_WARN__DUPLICATE_METHOD_MATCH = YES;
				COPY_PHASE_STRIP = NO;
				DEBUG_INFORMATION_FORMAT = "dwarf-with-dsym";
				ENABLE_NS_ASSERTIONS = NO;
				ENABLE_STRICT_OBJC_MSGSEND = YES;
				GCC_C_LANGUAGE_STANDARD = gnu11;
				GCC_NO_COMMON_BLOCKS = YES;
				GCC_WARN_64_TO_32_BIT_CONVERSION = YES;
				GCC_WARN_ABOUT_RETURN_TYPE = YES_ERROR;
				GCC_WARN_UNDECLARED_SELECTOR = YES;
				GCC_WARN_UNINITIALIZED_AUTOS = YES_AGGRESSIVE;
				GCC_WARN_UNUSED_FUNCTION = YES;
				GCC_WARN_UNUSED_VARIABLE = YES;
				IPHONEOS_DEPLOYMENT_TARGET = 15.5;
				MTL_ENABLE_DEBUG_INFO = NO;
				MTL_FAST_MATH = YES;
				SDKROOT = iphoneos;
				SWIFT_COMPILATION_MODE = wholemodule;
				SWIFT_OPTIMIZATION_LEVEL = "-O";
				VALIDATE_PRODUCT = YES;
			};
			name = Release;
		};
		C3BC71B6292F6730003F1E05 /* Debug */ = {
			isa = XCBuildConfiguration;
			buildSettings = {
				ASSETCATALOG_COMPILER_APPICON_NAME = AppIcon;
				ASSETCATALOG_COMPILER_GLOBAL_ACCENT_COLOR_NAME = AccentColor;
				CODE_SIGN_STYLE = Automatic;
				CURRENT_PROJECT_VERSION = 1;
				DEVELOPMENT_TEAM = C8WCKFAUF7;
				GENERATE_INFOPLIST_FILE = YES;
				INFOPLIST_FILE = InstaCloneFirebase/Info.plist;
				INFOPLIST_KEY_UIApplicationSupportsIndirectInputEvents = YES;
				INFOPLIST_KEY_UILaunchStoryboardName = LaunchScreen;
				INFOPLIST_KEY_UIMainStoryboardFile = Main;
				INFOPLIST_KEY_UISupportedInterfaceOrientations_iPad = "UIInterfaceOrientationPortrait UIInterfaceOrientationPortraitUpsideDown UIInterfaceOrientationLandscapeLeft UIInterfaceOrientationLandscapeRight";
				INFOPLIST_KEY_UISupportedInterfaceOrientations_iPhone = "UIInterfaceOrientationPortrait UIInterfaceOrientationLandscapeLeft UIInterfaceOrientationLandscapeRight";
				LD_RUNPATH_SEARCH_PATHS = (
					"$(inherited)",
					"@executable_path/Frameworks",
				);
				MARKETING_VERSION = 1.0;
				PRODUCT_BUNDLE_IDENTIFIER = com.yunusemrevural.InstaCloneFirebase;
				PRODUCT_NAME = "$(TARGET_NAME)";
				SWIFT_EMIT_LOC_STRINGS = YES;
				SWIFT_VERSION = 5.0;
				TARGETED_DEVICE_FAMILY = "1,2";
			};
			name = Debug;
		};
		C3BC71B7292F6730003F1E05 /* Release */ = {
			isa = XCBuildConfiguration;
			buildSettings = {
				ASSETCATALOG_COMPILER_APPICON_NAME = AppIcon;
				ASSETCATALOG_COMPILER_GLOBAL_ACCENT_COLOR_NAME = AccentColor;
				CODE_SIGN_STYLE = Automatic;
				CURRENT_PROJECT_VERSION = 1;
				DEVELOPMENT_TEAM = C8WCKFAUF7;
				GENERATE_INFOPLIST_FILE = YES;
				INFOPLIST_FILE = InstaCloneFirebase/Info.plist;
				INFOPLIST_KEY_UIApplicationSupportsIndirectInputEvents = YES;
				INFOPLIST_KEY_UILaunchStoryboardName = LaunchScreen;
				INFOPLIST_KEY_UIMainStoryboardFile = Main;
				INFOPLIST_KEY_UISupportedInterfaceOrientations_iPad = "UIInterfaceOrientationPortrait UIInterfaceOrientationPortraitUpsideDown UIInterfaceOrientationLandscapeLeft UIInterfaceOrientationLandscapeRight";
				INFOPLIST_KEY_UISupportedInterfaceOrientations_iPhone = "UIInterfaceOrientationPortrait UIInterfaceOrientationLandscapeLeft UIInterfaceOrientationLandscapeRight";
				LD_RUNPATH_SEARCH_PATHS = (
					"$(inherited)",
					"@executable_path/Frameworks",
				);
				MARKETING_VERSION = 1.0;
				PRODUCT_BUNDLE_IDENTIFIER = com.yunusemrevural.InstaCloneFirebase;
				PRODUCT_NAME = "$(TARGET_NAME)";
				SWIFT_EMIT_LOC_STRINGS = YES;
				SWIFT_VERSION = 5.0;
				TARGETED_DEVICE_FAMILY = "1,2";
			};
			name = Release;
		};
/* End XCBuildConfiguration section */

/* Begin XCConfigurationList section */
		C3BC719C292F672C003F1E05 /* Build configuration list for PBXProject "InstaCloneFirebase" */ = {
			isa = XCConfigurationList;
			buildConfigurations = (
				C3BC71B3292F6730003F1E05 /* Debug */,
				C3BC71B4292F6730003F1E05 /* Release */,
			);
			defaultConfigurationIsVisible = 0;
			defaultConfigurationName = Release;
		};
		C3BC71B5292F6730003F1E05 /* Build configuration list for PBXNativeTarget "InstaCloneFirebase" */ = {
			isa = XCConfigurationList;
			buildConfigurations = (
				C3BC71B6292F6730003F1E05 /* Debug */,
				C3BC71B7292F6730003F1E05 /* Release */,
			);
			defaultConfigurationIsVisible = 0;
			defaultConfigurationName = Release;
		};
/* End XCConfigurationList section */

/* Begin XCRemoteSwiftPackageReference section */
		C39D57A82938F49800FC619C /* XCRemoteSwiftPackageReference "SDWebImage" */ = {
			isa = XCRemoteSwiftPackageReference;
			repositoryURL = "https://github.com/SDWebImage/SDWebImage";
			requirement = {
				kind = upToNextMajorVersion;
				minimumVersion = 5.0.0;
			};
		};
		C3BC71BA292F6995003F1E05 /* XCRemoteSwiftPackageReference "firebase-ios-sdk" */ = {
			isa = XCRemoteSwiftPackageReference;
			repositoryURL = "https://github.com/firebase/firebase-ios-sdk";
			requirement = {
				kind = upToNextMajorVersion;
				minimumVersion = 9.0.0;
			};
		};
/* End XCRemoteSwiftPackageReference section */

/* Begin XCSwiftPackageProductDependency section */
		C39D57A92938F49800FC619C /* SDWebImage */ = {
			isa = XCSwiftPackageProductDependency;
			package = C39D57A82938F49800FC619C /* XCRemoteSwiftPackageReference "SDWebImage" */;
			productName = SDWebImage;
		};
		C39D57AB2938F49800FC619C /* SDWebImageMapKit */ = {
			isa = XCSwiftPackageProductDependency;
			package = C39D57A82938F49800FC619C /* XCRemoteSwiftPackageReference "SDWebImage" */;
			productName = SDWebImageMapKit;
		};
		C3BC71BB292F6995003F1E05 /* FirebaseAnalytics */ = {
			isa = XCSwiftPackageProductDependency;
			package = C3BC71BA292F6995003F1E05 /* XCRemoteSwiftPackageReference "firebase-ios-sdk" */;
			productName = FirebaseAnalytics;
		};
		C3BC71BD292F6995003F1E05 /* FirebaseAnalyticsOnDeviceConversion */ = {
			isa = XCSwiftPackageProductDependency;
			package = C3BC71BA292F6995003F1E05 /* XCRemoteSwiftPackageReference "firebase-ios-sdk" */;
			productName = FirebaseAnalyticsOnDeviceConversion;
		};
		C3BC71BF292F6995003F1E05 /* FirebaseAnalyticsSwift */ = {
			isa = XCSwiftPackageProductDependency;
			package = C3BC71BA292F6995003F1E05 /* XCRemoteSwiftPackageReference "firebase-ios-sdk" */;
			productName = FirebaseAnalyticsSwift;
		};
		C3BC71C1292F6995003F1E05 /* FirebaseAnalyticsWithoutAdIdSupport */ = {
			isa = XCSwiftPackageProductDependency;
			package = C3BC71BA292F6995003F1E05 /* XCRemoteSwiftPackageReference "firebase-ios-sdk" */;
			productName = FirebaseAnalyticsWithoutAdIdSupport;
		};
		C3BC71C3292F6995003F1E05 /* FirebaseAppCheck */ = {
			isa = XCSwiftPackageProductDependency;
			package = C3BC71BA292F6995003F1E05 /* XCRemoteSwiftPackageReference "firebase-ios-sdk" */;
			productName = FirebaseAppCheck;
		};
		C3BC71C5292F6995003F1E05 /* FirebaseAppDistribution-Beta */ = {
			isa = XCSwiftPackageProductDependency;
			package = C3BC71BA292F6995003F1E05 /* XCRemoteSwiftPackageReference "firebase-ios-sdk" */;
			productName = "FirebaseAppDistribution-Beta";
		};
		C3BC71C7292F6995003F1E05 /* FirebaseAuth */ = {
			isa = XCSwiftPackageProductDependency;
			package = C3BC71BA292F6995003F1E05 /* XCRemoteSwiftPackageReference "firebase-ios-sdk" */;
			productName = FirebaseAuth;
		};
		C3BC71C9292F6995003F1E05 /* FirebaseAuthCombine-Community */ = {
			isa = XCSwiftPackageProductDependency;
			package = C3BC71BA292F6995003F1E05 /* XCRemoteSwiftPackageReference "firebase-ios-sdk" */;
			productName = "FirebaseAuthCombine-Community";
		};
		C3BC71CB292F6995003F1E05 /* FirebaseCrashlytics */ = {
			isa = XCSwiftPackageProductDependency;
			package = C3BC71BA292F6995003F1E05 /* XCRemoteSwiftPackageReference "firebase-ios-sdk" */;
			productName = FirebaseCrashlytics;
		};
		C3BC71CD292F6995003F1E05 /* FirebaseDatabase */ = {
			isa = XCSwiftPackageProductDependency;
			package = C3BC71BA292F6995003F1E05 /* XCRemoteSwiftPackageReference "firebase-ios-sdk" */;
			productName = FirebaseDatabase;
		};
		C3BC71CF292F6995003F1E05 /* FirebaseDatabaseSwift */ = {
			isa = XCSwiftPackageProductDependency;
			package = C3BC71BA292F6995003F1E05 /* XCRemoteSwiftPackageReference "firebase-ios-sdk" */;
			productName = FirebaseDatabaseSwift;
		};
		C3BC71D1292F6995003F1E05 /* FirebaseDynamicLinks */ = {
			isa = XCSwiftPackageProductDependency;
			package = C3BC71BA292F6995003F1E05 /* XCRemoteSwiftPackageReference "firebase-ios-sdk" */;
			productName = FirebaseDynamicLinks;
		};
		C3BC71D3292F6995003F1E05 /* FirebaseFirestore */ = {
			isa = XCSwiftPackageProductDependency;
			package = C3BC71BA292F6995003F1E05 /* XCRemoteSwiftPackageReference "firebase-ios-sdk" */;
			productName = FirebaseFirestore;
		};
		C3BC71D5292F6995003F1E05 /* FirebaseFirestoreCombine-Community */ = {
			isa = XCSwiftPackageProductDependency;
			package = C3BC71BA292F6995003F1E05 /* XCRemoteSwiftPackageReference "firebase-ios-sdk" */;
			productName = "FirebaseFirestoreCombine-Community";
		};
		C3BC71D7292F6995003F1E05 /* FirebaseFirestoreSwift */ = {
			isa = XCSwiftPackageProductDependency;
			package = C3BC71BA292F6995003F1E05 /* XCRemoteSwiftPackageReference "firebase-ios-sdk" */;
			productName = FirebaseFirestoreSwift;
		};
		C3BC71D9292F6995003F1E05 /* FirebaseInstallations */ = {
			isa = XCSwiftPackageProductDependency;
			package = C3BC71BA292F6995003F1E05 /* XCRemoteSwiftPackageReference "firebase-ios-sdk" */;
			productName = FirebaseInstallations;
		};
		C3BC71DB292F6995003F1E05 /* FirebaseMLModelDownloader */ = {
			isa = XCSwiftPackageProductDependency;
			package = C3BC71BA292F6995003F1E05 /* XCRemoteSwiftPackageReference "firebase-ios-sdk" */;
			productName = FirebaseMLModelDownloader;
		};
		C3BC71DD292F6995003F1E05 /* FirebaseMessaging */ = {
			isa = XCSwiftPackageProductDependency;
			package = C3BC71BA292F6995003F1E05 /* XCRemoteSwiftPackageReference "firebase-ios-sdk" */;
			productName = FirebaseMessaging;
		};
		C3BC71DF292F6995003F1E05 /* FirebasePerformance */ = {
			isa = XCSwiftPackageProductDependency;
			package = C3BC71BA292F6995003F1E05 /* XCRemoteSwiftPackageReference "firebase-ios-sdk" */;
			productName = FirebasePerformance;
		};
		C3BC71E1292F6995003F1E05 /* FirebaseRemoteConfig */ = {
			isa = XCSwiftPackageProductDependency;
			package = C3BC71BA292F6995003F1E05 /* XCRemoteSwiftPackageReference "firebase-ios-sdk" */;
			productName = FirebaseRemoteConfig;
		};
		C3BC71E3292F6995003F1E05 /* FirebaseRemoteConfigSwift */ = {
			isa = XCSwiftPackageProductDependency;
			package = C3BC71BA292F6995003F1E05 /* XCRemoteSwiftPackageReference "firebase-ios-sdk" */;
			productName = FirebaseRemoteConfigSwift;
		};
		C3BC71E5292F6995003F1E05 /* FirebaseStorage */ = {
			isa = XCSwiftPackageProductDependency;
			package = C3BC71BA292F6995003F1E05 /* XCRemoteSwiftPackageReference "firebase-ios-sdk" */;
			productName = FirebaseStorage;
		};
		C3BC71E7292F6995003F1E05 /* FirebaseStorageCombine-Community */ = {
			isa = XCSwiftPackageProductDependency;
			package = C3BC71BA292F6995003F1E05 /* XCRemoteSwiftPackageReference "firebase-ios-sdk" */;
			productName = "FirebaseStorageCombine-Community";
		};
/* End XCSwiftPackageProductDependency section */
	};
	rootObject = C3BC7199292F672C003F1E05 /* Project object */;
}
